
Microsoft Visual Studio Solution File, Format Version 12.00
# Visual Studio 15
VisualStudioVersion = 15.0.26730.15
MinimumVisualStudioVersion = 10.0.40219.1
Project("{FAE04EC0-301F-11D3-BF4B-00C04F79EFBC}") = "CuponTours.Android", "CuponTours\CuponTours.Android\CuponTours.Android.csproj", "{EAA427FC-59EE-4D1E-90AC-80223D47CB63}"
EndProject
Project("{FAE04EC0-301F-11D3-BF4B-00C04F79EFBC}") = "CuponTours", "CuponTours\CuponTours\CuponTours.csproj", "{882CCB0B-EA1C-416A-B7DD-028D953E2C43}"
EndProject
Project("{FAE04EC0-301F-11D3-BF4B-00C04F79EFBC}") = "CuponTours.UWP", "CuponTours\CuponTours.UWP\CuponTours.UWP.csproj", "{91549825-1C9E-427C-92B4-8F3AF9B0042C}"
EndProject
Project("{FAE04EC0-301F-11D3-BF4B-00C04F79EFBC}") = "CuponTours.iOS", "CuponTours\CuponTours.iOS\CuponTours.iOS.csproj", "{A8F48A32-6BCF-441D-B74A-B02DA58EA9DB}"
EndProject
Global
	GlobalSection(SolutionConfigurationPlatforms) = preSolution
		Ad-Hoc|Any CPU = Ad-Hoc|Any CPU
		Ad-Hoc|ARM = Ad-Hoc|ARM
		Ad-Hoc|iPhone = Ad-Hoc|iPhone
		Ad-Hoc|iPhoneSimulator = Ad-Hoc|iPhoneSimulator
		Ad-Hoc|x64 = Ad-Hoc|x64
		Ad-Hoc|x86 = Ad-Hoc|x86
		AppStore|Any CPU = AppStore|Any CPU
		AppStore|ARM = AppStore|ARM
		AppStore|iPhone = AppStore|iPhone
		AppStore|iPhoneSimulator = AppStore|iPhoneSimulator
		AppStore|x64 = AppStore|x64
		AppStore|x86 = AppStore|x86
		Debug|Any CPU = Debug|Any CPU
		Debug|ARM = Debug|ARM
		Debug|iPhone = Debug|iPhone
		Debug|iPhoneSimulator = Debug|iPhoneSimulator
		Debug|x64 = Debug|x64
		Debug|x86 = Debug|x86
		Release|Any CPU = Release|Any CPU
		Release|ARM = Release|ARM
		Release|iPhone = Release|iPhone
		Release|iPhoneSimulator = Release|iPhoneSimulator
		Release|x64 = Release|x64
		Release|x86 = Release|x86
	EndGlobalSection
	GlobalSection(ProjectConfigurationPlatforms) = postSolution
		{EAA427FC-59EE-4D1E-90AC-80223D47CB63}.Ad-Hoc|Any CPU.ActiveCfg = Release|Any CPU
		{EAA427FC-59EE-4D1E-90AC-80223D47CB63}.Ad-Hoc|Any CPU.Build.0 = Release|Any CPU
		{EAA427FC-59EE-4D1E-90AC-80223D47CB63}.Ad-Hoc|Any CPU.Deploy.0 = Release|Any CPU
		{EAA427FC-59EE-4D1E-90AC-80223D47CB63}.Ad-Hoc|ARM.ActiveCfg = Release|Any CPU
		{EAA427FC-59EE-4D1E-90AC-80223D47CB63}.Ad-Hoc|ARM.Build.0 = Release|Any CPU
		{EAA427FC-59EE-4D1E-90AC-80223D47CB63}.Ad-Hoc|ARM.Deploy.0 = Release|Any CPU
		{EAA427FC-59EE-4D1E-90AC-80223D47CB63}.Ad-Hoc|iPhone.ActiveCfg = Release|Any CPU
		{EAA427FC-59EE-4D1E-90AC-80223D47CB63}.Ad-Hoc|iPhone.Build.0 = Release|Any CPU
		{EAA427FC-59EE-4D1E-90AC-80223D47CB63}.Ad-Hoc|iPhone.Deploy.0 = Release|Any CPU
		{EAA427FC-59EE-4D1E-90AC-80223D47CB63}.Ad-Hoc|iPhoneSimulator.ActiveCfg = Release|Any CPU
		{EAA427FC-59EE-4D1E-90AC-80223D47CB63}.Ad-Hoc|iPhoneSimulator.Build.0 = Release|Any CPU
		{EAA427FC-59EE-4D1E-90AC-80223D47CB63}.Ad-Hoc|iPhoneSimulator.Deploy.0 = Release|Any CPU
		{EAA427FC-59EE-4D1E-90AC-80223D47CB63}.Ad-Hoc|x64.ActiveCfg = Release|Any CPU
		{EAA427FC-59EE-4D1E-90AC-80223D47CB63}.Ad-Hoc|x64.Build.0 = Release|Any CPU
		{EAA427FC-59EE-4D1E-90AC-80223D47CB63}.Ad-Hoc|x64.Deploy.0 = Release|Any CPU
		{EAA427FC-59EE-4D1E-90AC-80223D47CB63}.Ad-Hoc|x86.ActiveCfg = Release|Any CPU
		{EAA427FC-59EE-4D1E-90AC-80223D47CB63}.Ad-Hoc|x86.Build.0 = Release|Any CPU
		{EAA427FC-59EE-4D1E-90AC-80223D47CB63}.Ad-Hoc|x86.Deploy.0 = Release|Any CPU
		{EAA427FC-59EE-4D1E-90AC-80223D47CB63}.AppStore|Any CPU.ActiveCfg = Release|Any CPU
		{EAA427FC-59EE-4D1E-90AC-80223D47CB63}.AppStore|Any CPU.Build.0 = Release|Any CPU
		{EAA427FC-59EE-4D1E-90AC-80223D47CB63}.AppStore|Any CPU.Deploy.0 = Release|Any CPU
		{EAA427FC-59EE-4D1E-90AC-80223D47CB63}.AppStore|ARM.ActiveCfg = Release|Any CPU
		{EAA427FC-59EE-4D1E-90AC-80223D47CB63}.AppStore|ARM.Build.0 = Release|Any CPU
		{EAA427FC-59EE-4D1E-90AC-80223D47CB63}.AppStore|ARM.Deploy.0 = Release|Any CPU
		{EAA427FC-59EE-4D1E-90AC-80223D47CB63}.AppStore|iPhone.ActiveCfg = Release|Any CPU
		{EAA427FC-59EE-4D1E-90AC-80223D47CB63}.AppStore|iPhone.Build.0 = Release|Any CPU
		{EAA427FC-59EE-4D1E-90AC-80223D47CB63}.AppStore|iPhone.Deploy.0 = Release|Any CPU
		{EAA427FC-59EE-4D1E-90AC-80223D47CB63}.AppStore|iPhoneSimulator.ActiveCfg = Release|Any CPU
		{EAA427FC-59EE-4D1E-90AC-80223D47CB63}.AppStore|iPhoneSimulator.Build.0 = Release|Any CPU
		{EAA427FC-59EE-4D1E-90AC-80223D47CB63}.AppStore|iPhoneSimulator.Deploy.0 = Release|Any CPU
		{EAA427FC-59EE-4D1E-90AC-80223D47CB63}.AppStore|x64.ActiveCfg = Release|Any CPU
		{EAA427FC-59EE-4D1E-90AC-80223D47CB63}.AppStore|x64.Build.0 = Release|Any CPU
		{EAA427FC-59EE-4D1E-90AC-80223D47CB63}.AppStore|x64.Deploy.0 = Release|Any CPU
		{EAA427FC-59EE-4D1E-90AC-80223D47CB63}.AppStore|x86.ActiveCfg = Release|Any CPU
		{EAA427FC-59EE-4D1E-90AC-80223D47CB63}.AppStore|x86.Build.0 = Release|Any CPU
		{EAA427FC-59EE-4D1E-90AC-80223D47CB63}.AppStore|x86.Deploy.0 = Release|Any CPU
		{EAA427FC-59EE-4D1E-90AC-80223D47CB63}.Debug|Any CPU.ActiveCfg = Debug|Any CPU
		{EAA427FC-59EE-4D1E-90AC-80223D47CB63}.Debug|Any CPU.Build.0 = Debug|Any CPU
		{EAA427FC-59EE-4D1E-90AC-80223D47CB63}.Debug|Any CPU.Deploy.0 = Debug|Any CPU
		{EAA427FC-59EE-4D1E-90AC-80223D47CB63}.Debug|ARM.ActiveCfg = Debug|Any CPU
		{EAA427FC-59EE-4D1E-90AC-80223D47CB63}.Debug|ARM.Build.0 = Debug|Any CPU
		{EAA427FC-59EE-4D1E-90AC-80223D47CB63}.Debug|ARM.Deploy.0 = Debug|Any CPU
		{EAA427FC-59EE-4D1E-90AC-80223D47CB63}.Debug|iPhone.ActiveCfg = Debug|Any CPU
		{EAA427FC-59EE-4D1E-90AC-80223D47CB63}.Debug|iPhone.Build.0 = Debug|Any CPU
		{EAA427FC-59EE-4D1E-90AC-80223D47CB63}.Debug|iPhone.Deploy.0 = Debug|Any CPU
		{EAA427FC-59EE-4D1E-90AC-80223D47CB63}.Debug|iPhoneSimulator.ActiveCfg = Debug|Any CPU
		{EAA427FC-59EE-4D1E-90AC-80223D47CB63}.Debug|iPhoneSimulator.Build.0 = Debug|Any CPU
		{EAA427FC-59EE-4D1E-90AC-80223D47CB63}.Debug|iPhoneSimulator.Deploy.0 = Debug|Any CPU
		{EAA427FC-59EE-4D1E-90AC-80223D47CB63}.Debug|x64.ActiveCfg = Debug|Any CPU
		{EAA427FC-59EE-4D1E-90AC-80223D47CB63}.Debug|x64.Build.0 = Debug|Any CPU
		{EAA427FC-59EE-4D1E-90AC-80223D47CB63}.Debug|x64.Deploy.0 = Debug|Any CPU
		{EAA427FC-59EE-4D1E-90AC-80223D47CB63}.Debug|x86.ActiveCfg = Debug|Any CPU
		{EAA427FC-59EE-4D1E-90AC-80223D47CB63}.Debug|x86.Build.0 = Debug|Any CPU
		{EAA427FC-59EE-4D1E-90AC-80223D47CB63}.Debug|x86.Deploy.0 = Debug|Any CPU
		{EAA427FC-59EE-4D1E-90AC-80223D47CB63}.Release|Any CPU.ActiveCfg = Release|Any CPU
		{EAA427FC-59EE-4D1E-90AC-80223D47CB63}.Release|Any CPU.Build.0 = Release|Any CPU
		{EAA427FC-59EE-4D1E-90AC-80223D47CB63}.Release|Any CPU.Deploy.0 = Release|Any CPU
		{EAA427FC-59EE-4D1E-90AC-80223D47CB63}.Release|ARM.ActiveCfg = Release|Any CPU
		{EAA427FC-59EE-4D1E-90AC-80223D47CB63}.Release|ARM.Build.0 = Release|Any CPU
		{EAA427FC-59EE-4D1E-90AC-80223D47CB63}.Release|ARM.Deploy.0 = Release|Any CPU
		{EAA427FC-59EE-4D1E-90AC-80223D47CB63}.Release|iPhone.ActiveCfg = Release|Any CPU
		{EAA427FC-59EE-4D1E-90AC-80223D47CB63}.Release|iPhone.Build.0 = Release|Any CPU
		{EAA427FC-59EE-4D1E-90AC-80223D47CB63}.Release|iPhone.Deploy.0 = Release|Any CPU
		{EAA427FC-59EE-4D1E-90AC-80223D47CB63}.Release|iPhoneSimulator.ActiveCfg = Release|Any CPU
		{EAA427FC-59EE-4D1E-90AC-80223D47CB63}.Release|iPhoneSimulator.Build.0 = Release|Any CPU
		{EAA427FC-59EE-4D1E-90AC-80223D47CB63}.Release|iPhoneSimulator.Deploy.0 = Release|Any CPU
		{EAA427FC-59EE-4D1E-90AC-80223D47CB63}.Release|x64.ActiveCfg = Release|Any CPU
		{EAA427FC-59EE-4D1E-90AC-80223D47CB63}.Release|x64.Build.0 = Release|Any CPU
		{EAA427FC-59EE-4D1E-90AC-80223D47CB63}.Release|x64.Deploy.0 = Release|Any CPU
		{EAA427FC-59EE-4D1E-90AC-80223D47CB63}.Release|x86.ActiveCfg = Release|Any CPU
		{EAA427FC-59EE-4D1E-90AC-80223D47CB63}.Release|x86.Build.0 = Release|Any CPU
		{EAA427FC-59EE-4D1E-90AC-80223D47CB63}.Release|x86.Deploy.0 = Release|Any CPU
		{882CCB0B-EA1C-416A-B7DD-028D953E2C43}.Ad-Hoc|Any CPU.ActiveCfg = Release|Any CPU
		{882CCB0B-EA1C-416A-B7DD-028D953E2C43}.Ad-Hoc|Any CPU.Build.0 = Release|Any CPU
		{882CCB0B-EA1C-416A-B7DD-028D953E2C43}.Ad-Hoc|ARM.ActiveCfg = Release|Any CPU
		{882CCB0B-EA1C-416A-B7DD-028D953E2C43}.Ad-Hoc|ARM.Build.0 = Release|Any CPU
		{882CCB0B-EA1C-416A-B7DD-028D953E2C43}.Ad-Hoc|iPhone.ActiveCfg = Release|Any CPU
		{882CCB0B-EA1C-416A-B7DD-028D953E2C43}.Ad-Hoc|iPhone.Build.0 = Release|Any CPU
		{882CCB0B-EA1C-416A-B7DD-028D953E2C43}.Ad-Hoc|iPhoneSimulator.ActiveCfg = Release|Any CPU
		{882CCB0B-EA1C-416A-B7DD-028D953E2C43}.Ad-Hoc|iPhoneSimulator.Build.0 = Release|Any CPU
		{882CCB0B-EA1C-416A-B7DD-028D953E2C43}.Ad-Hoc|x64.ActiveCfg = Release|Any CPU
		{882CCB0B-EA1C-416A-B7DD-028D953E2C43}.Ad-Hoc|x64.Build.0 = Release|Any CPU
		{882CCB0B-EA1C-416A-B7DD-028D953E2C43}.Ad-Hoc|x86.ActiveCfg = Release|Any CPU
		{882CCB0B-EA1C-416A-B7DD-028D953E2C43}.Ad-Hoc|x86.Build.0 = Release|Any CPU
		{882CCB0B-EA1C-416A-B7DD-028D953E2C43}.AppStore|Any CPU.ActiveCfg = Release|Any CPU
		{882CCB0B-EA1C-416A-B7DD-028D953E2C43}.AppStore|Any CPU.Build.0 = Release|Any CPU
		{882CCB0B-EA1C-416A-B7DD-028D953E2C43}.AppStore|ARM.ActiveCfg = Release|Any CPU
		{882CCB0B-EA1C-416A-B7DD-028D953E2C43}.AppStore|ARM.Build.0 = Release|Any CPU
		{882CCB0B-EA1C-416A-B7DD-028D953E2C43}.AppStore|iPhone.ActiveCfg = Release|Any CPU
		{882CCB0B-EA1C-416A-B7DD-028D953E2C43}.AppStore|iPhone.Build.0 = Release|Any CPU
		{882CCB0B-EA1C-416A-B7DD-028D953E2C43}.AppStore|iPhoneSimulator.ActiveCfg = Release|Any CPU
		{882CCB0B-EA1C-416A-B7DD-028D953E2C43}.AppStore|iPhoneSimulator.Build.0 = Release|Any CPU
		{882CCB0B-EA1C-416A-B7DD-028D953E2C43}.AppStore|x64.ActiveCfg = Release|Any CPU
		{882CCB0B-EA1C-416A-B7DD-028D953E2C43}.AppStore|x64.Build.0 = Release|Any CPU
		{882CCB0B-EA1C-416A-B7DD-028D953E2C43}.AppStore|x86.ActiveCfg = Release|Any CPU
		{882CCB0B-EA1C-416A-B7DD-028D953E2C43}.AppStore|x86.Build.0 = Release|Any CPU
		{882CCB0B-EA1C-416A-B7DD-028D953E2C43}.Debug|Any CPU.ActiveCfg = Debug|Any CPU
		{882CCB0B-EA1C-416A-B7DD-028D953E2C43}.Debug|Any CPU.Build.0 = Debug|Any CPU
		{882CCB0B-EA1C-416A-B7DD-028D953E2C43}.Debug|ARM.ActiveCfg = Debug|Any CPU
		{882CCB0B-EA1C-416A-B7DD-028D953E2C43}.Debug|ARM.Build.0 = Debug|Any CPU
		{882CCB0B-EA1C-416A-B7DD-028D953E2C43}.Debug|iPhone.ActiveCfg = Debug|Any CPU
		{882CCB0B-EA1C-416A-B7DD-028D953E2C43}.Debug|iPhone.Build.0 = Debug|Any CPU
		{882CCB0B-EA1C-416A-B7DD-028D953E2C43}.Debug|iPhoneSimulator.ActiveCfg = Debug|Any CPU
		{882CCB0B-EA1C-416A-B7DD-028D953E2C43}.Debug|iPhoneSimulator.Build.0 = Debug|Any CPU
		{882CCB0B-EA1C-416A-B7DD-028D953E2C43}.Debug|x64.ActiveCfg = Debug|Any CPU
		{882CCB0B-EA1C-416A-B7DD-028D953E2C43}.Debug|x64.Build.0 = Debug|Any CPU
		{882CCB0B-EA1C-416A-B7DD-028D953E2C43}.Debug|x86.ActiveCfg = Debug|Any CPU
		{882CCB0B-EA1C-416A-B7DD-028D953E2C43}.Debug|x86.Build.0 = Debug|Any CPU
		{882CCB0B-EA1C-416A-B7DD-028D953E2C43}.Release|Any CPU.ActiveCfg = Release|Any CPU
		{882CCB0B-EA1C-416A-B7DD-028D953E2C43}.Release|Any CPU.Build.0 = Release|Any CPU
		{882CCB0B-EA1C-416A-B7DD-028D953E2C43}.Release|ARM.ActiveCfg = Release|Any CPU
		{882CCB0B-EA1C-416A-B7DD-028D953E2C43}.Release|ARM.Build.0 = Release|Any CPU
		{882CCB0B-EA1C-416A-B7DD-028D953E2C43}.Release|iPhone.ActiveCfg = Release|Any CPU
		{882CCB0B-EA1C-416A-B7DD-028D953E2C43}.Release|iPhone.Build.0 = Release|Any CPU
		{882CCB0B-EA1C-416A-B7DD-028D953E2C43}.Release|iPhoneSimulator.ActiveCfg = Release|Any CPU
		{882CCB0B-EA1C-416A-B7DD-028D953E2C43}.Release|iPhoneSimulator.Build.0 = Release|Any CPU
		{882CCB0B-EA1C-416A-B7DD-028D953E2C43}.Release|x64.ActiveCfg = Release|Any CPU
		{882CCB0B-EA1C-416A-B7DD-028D953E2C43}.Release|x64.Build.0 = Release|Any CPU
		{882CCB0B-EA1C-416A-B7DD-028D953E2C43}.Release|x86.ActiveCfg = Release|Any CPU
		{882CCB0B-EA1C-416A-B7DD-028D953E2C43}.Release|x86.Build.0 = Release|Any CPU
		{91549825-1C9E-427C-92B4-8F3AF9B0042C}.Ad-Hoc|Any CPU.ActiveCfg = Release|x86
		{91549825-1C9E-427C-92B4-8F3AF9B0042C}.Ad-Hoc|Any CPU.Build.0 = Release|x86
		{91549825-1C9E-427C-92B4-8F3AF9B0042C}.Ad-Hoc|Any CPU.Deploy.0 = Release|x86
		{91549825-1C9E-427C-92B4-8F3AF9B0042C}.Ad-Hoc|ARM.ActiveCfg = Release|ARM
		{91549825-1C9E-427C-92B4-8F3AF9B0042C}.Ad-Hoc|ARM.Build.0 = Release|ARM
		{91549825-1C9E-427C-92B4-8F3AF9B0042C}.Ad-Hoc|ARM.Deploy.0 = Release|ARM
		{91549825-1C9E-427C-92B4-8F3AF9B0042C}.Ad-Hoc|iPhone.ActiveCfg = Release|x86
		{91549825-1C9E-427C-92B4-8F3AF9B0042C}.Ad-Hoc|iPhone.Build.0 = Release|x86
		{91549825-1C9E-427C-92B4-8F3AF9B0042C}.Ad-Hoc|iPhone.Deploy.0 = Release|x86
		{91549825-1C9E-427C-92B4-8F3AF9B0042C}.Ad-Hoc|iPhoneSimulator.ActiveCfg = Release|x86
		{91549825-1C9E-427C-92B4-8F3AF9B0042C}.Ad-Hoc|iPhoneSimulator.Build.0 = Release|x86
		{91549825-1C9E-427C-92B4-8F3AF9B0042C}.Ad-Hoc|iPhoneSimulator.Deploy.0 = Release|x86
		{91549825-1C9E-427C-92B4-8F3AF9B0042C}.Ad-Hoc|x64.ActiveCfg = Release|x64
		{91549825-1C9E-427C-92B4-8F3AF9B0042C}.Ad-Hoc|x64.Build.0 = Release|x64
		{91549825-1C9E-427C-92B4-8F3AF9B0042C}.Ad-Hoc|x64.Deploy.0 = Release|x64
		{91549825-1C9E-427C-92B4-8F3AF9B0042C}.Ad-Hoc|x86.ActiveCfg = Release|x86
		{91549825-1C9E-427C-92B4-8F3AF9B0042C}.Ad-Hoc|x86.Build.0 = Release|x86
		{91549825-1C9E-427C-92B4-8F3AF9B0042C}.Ad-Hoc|x86.Deploy.0 = Release|x86
		{91549825-1C9E-427C-92B4-8F3AF9B0042C}.AppStore|Any CPU.ActiveCfg = Release|x86
		{91549825-1C9E-427C-92B4-8F3AF9B0042C}.AppStore|Any CPU.Build.0 = Release|x86
		{91549825-1C9E-427C-92B4-8F3AF9B0042C}.AppStore|Any CPU.Deploy.0 = Release|x86
		{91549825-1C9E-427C-92B4-8F3AF9B0042C}.AppStore|ARM.ActiveCfg = Release|ARM
		{91549825-1C9E-427C-92B4-8F3AF9B0042C}.AppStore|ARM.Build.0 = Release|ARM
		{91549825-1C9E-427C-92B4-8F3AF9B0042C}.AppStore|ARM.Deploy.0 = Release|ARM
		{91549825-1C9E-427C-92B4-8F3AF9B0042C}.AppStore|iPhone.ActiveCfg = Release|x86
		{91549825-1C9E-427C-92B4-8F3AF9B0042C}.AppStore|iPhone.Build.0 = Release|x86
		{91549825-1C9E-427C-92B4-8F3AF9B0042C}.AppStore|iPhone.Deploy.0 = Release|x86
		{91549825-1C9E-427C-92B4-8F3AF9B0042C}.AppStore|iPhoneSimulator.ActiveCfg = Release|x86
		{91549825-1C9E-427C-92B4-8F3AF9B0042C}.AppStore|iPhoneSimulator.Build.0 = Release|x86
		{91549825-1C9E-427C-92B4-8F3AF9B0042C}.AppStore|iPhoneSimulator.Deploy.0 = Release|x86
		{91549825-1C9E-427C-92B4-8F3AF9B0042C}.AppStore|x64.ActiveCfg = Release|x64
		{91549825-1C9E-427C-92B4-8F3AF9B0042C}.AppStore|x64.Build.0 = Release|x64
		{91549825-1C9E-427C-92B4-8F3AF9B0042C}.AppStore|x64.Deploy.0 = Release|x64
		{91549825-1C9E-427C-92B4-8F3AF9B0042C}.AppStore|x86.ActiveCfg = Release|x86
		{91549825-1C9E-427C-92B4-8F3AF9B0042C}.AppStore|x86.Build.0 = Release|x86
		{91549825-1C9E-427C-92B4-8F3AF9B0042C}.AppStore|x86.Deploy.0 = Release|x86
		{91549825-1C9E-427C-92B4-8F3AF9B0042C}.Debug|Any CPU.ActiveCfg = Debug|x86
		{91549825-1C9E-427C-92B4-8F3AF9B0042C}.Debug|ARM.ActiveCfg = Debug|ARM
		{91549825-1C9E-427C-92B4-8F3AF9B0042C}.Debug|ARM.Build.0 = Debug|ARM
		{91549825-1C9E-427C-92B4-8F3AF9B0042C}.Debug|ARM.Deploy.0 = Debug|ARM
		{91549825-1C9E-427C-92B4-8F3AF9B0042C}.Debug|iPhone.ActiveCfg = Debug|x86
		{91549825-1C9E-427C-92B4-8F3AF9B0042C}.Debug|iPhoneSimulator.ActiveCfg = Debug|x86
		{91549825-1C9E-427C-92B4-8F3AF9B0042C}.Debug|x64.ActiveCfg = Debug|x64
		{91549825-1C9E-427C-92B4-8F3AF9B0042C}.Debug|x64.Build.0 = Debug|x64
		{91549825-1C9E-427C-92B4-8F3AF9B0042C}.Debug|x64.Deploy.0 = Debug|x64
		{91549825-1C9E-427C-92B4-8F3AF9B0042C}.Debug|x86.ActiveCfg = Debug|x86
		{91549825-1C9E-427C-92B4-8F3AF9B0042C}.Debug|x86.Build.0 = Debug|x86
		{91549825-1C9E-427C-92B4-8F3AF9B0042C}.Debug|x86.Deploy.0 = Debug|x86
		{91549825-1C9E-427C-92B4-8F3AF9B0042C}.Release|Any CPU.ActiveCfg = Release|x86
		{91549825-1C9E-427C-92B4-8F3AF9B0042C}.Release|ARM.ActiveCfg = Release|ARM
		{91549825-1C9E-427C-92B4-8F3AF9B0042C}.Release|ARM.Build.0 = Release|ARM
		{91549825-1C9E-427C-92B4-8F3AF9B0042C}.Release|ARM.Deploy.0 = Release|ARM
		{91549825-1C9E-427C-92B4-8F3AF9B0042C}.Release|iPhone.ActiveCfg = Release|x86
		{91549825-1C9E-427C-92B4-8F3AF9B0042C}.Release|iPhoneSimulator.ActiveCfg = Release|x86
		{91549825-1C9E-427C-92B4-8F3AF9B0042C}.Release|x64.ActiveCfg = Release|x64
		{91549825-1C9E-427C-92B4-8F3AF9B0042C}.Release|x64.Build.0 = Release|x64
		{91549825-1C9E-427C-92B4-8F3AF9B0042C}.Release|x64.Deploy.0 = Release|x64
		{91549825-1C9E-427C-92B4-8F3AF9B0042C}.Release|x86.ActiveCfg = Release|x86
		{91549825-1C9E-427C-92B4-8F3AF9B0042C}.Release|x86.Build.0 = Release|x86
		{91549825-1C9E-427C-92B4-8F3AF9B0042C}.Release|x86.Deploy.0 = Release|x86
		{A8F48A32-6BCF-441D-B74A-B02DA58EA9DB}.Ad-Hoc|Any CPU.ActiveCfg = Ad-Hoc|iPhone
		{A8F48A32-6BCF-441D-B74A-B02DA58EA9DB}.Ad-Hoc|ARM.ActiveCfg = Ad-Hoc|iPhone
		{A8F48A32-6BCF-441D-B74A-B02DA58EA9DB}.Ad-Hoc|iPhone.ActiveCfg = Ad-Hoc|iPhone
		{A8F48A32-6BCF-441D-B74A-B02DA58EA9DB}.Ad-Hoc|iPhone.Build.0 = Ad-Hoc|iPhone
		{A8F48A32-6BCF-441D-B74A-B02DA58EA9DB}.Ad-Hoc|iPhoneSimulator.ActiveCfg = Ad-Hoc|iPhoneSimulator
		{A8F48A32-6BCF-441D-B74A-B02DA58EA9DB}.Ad-Hoc|iPhoneSimulator.Build.0 = Ad-Hoc|iPhoneSimulator
		{A8F48A32-6BCF-441D-B74A-B02DA58EA9DB}.Ad-Hoc|x64.ActiveCfg = Ad-Hoc|iPhone
		{A8F48A32-6BCF-441D-B74A-B02DA58EA9DB}.Ad-Hoc|x86.ActiveCfg = Ad-Hoc|iPhone
		{A8F48A32-6BCF-441D-B74A-B02DA58EA9DB}.AppStore|Any CPU.ActiveCfg = AppStore|iPhone
		{A8F48A32-6BCF-441D-B74A-B02DA58EA9DB}.AppStore|ARM.ActiveCfg = AppStore|iPhone
		{A8F48A32-6BCF-441D-B74A-B02DA58EA9DB}.AppStore|iPhone.ActiveCfg = AppStore|iPhone
		{A8F48A32-6BCF-441D-B74A-B02DA58EA9DB}.AppStore|iPhone.Build.0 = AppStore|iPhone
		{A8F48A32-6BCF-441D-B74A-B02DA58EA9DB}.AppStore|iPhoneSimulator.ActiveCfg = AppStore|iPhoneSimulator
		{A8F48A32-6BCF-441D-B74A-B02DA58EA9DB}.AppStore|iPhoneSimulator.Build.0 = AppStore|iPhoneSimulator
		{A8F48A32-6BCF-441D-B74A-B02DA58EA9DB}.AppStore|x64.ActiveCfg = AppStore|iPhone
		{A8F48A32-6BCF-441D-B74A-B02DA58EA9DB}.AppStore|x86.ActiveCfg = AppStore|iPhone
		{A8F48A32-6BCF-441D-B74A-B02DA58EA9DB}.Debug|Any CPU.ActiveCfg = Debug|iPhone
		{A8F48A32-6BCF-441D-B74A-B02DA58EA9DB}.Debug|Any CPU.Build.0 = Debug|iPhone
		{A8F48A32-6BCF-441D-B74A-B02DA58EA9DB}.Debug|ARM.ActiveCfg = Debug|iPhone
		{A8F48A32-6BCF-441D-B74A-B02DA58EA9DB}.Debug|iPhone.ActiveCfg = Debug|iPhone
		{A8F48A32-6BCF-441D-B74A-B02DA58EA9DB}.Debug|iPhone.Build.0 = Debug|iPhone
		{A8F48A32-6BCF-441D-B74A-B02DA58EA9DB}.Debug|iPhoneSimulator.ActiveCfg = Debug|iPhoneSimulator
		{A8F48A32-6BCF-441D-B74A-B02DA58EA9DB}.Debug|iPhoneSimulator.Build.0 = Debug|iPhoneSimulator
		{A8F48A32-6BCF-441D-B74A-B02DA58EA9DB}.Debug|x64.ActiveCfg = Debug|iPhone
		{A8F48A32-6BCF-441D-B74A-B02DA58EA9DB}.Debug|x86.ActiveCfg = Debug|iPhone
		{A8F48A32-6BCF-441D-B74A-B02DA58EA9DB}.Release|Any CPU.ActiveCfg = Release|iPhone
		{A8F48A32-6BCF-441D-B74A-B02DA58EA9DB}.Release|ARM.ActiveCfg = Release|iPhone
		{A8F48A32-6BCF-441D-B74A-B02DA58EA9DB}.Release|iPhone.ActiveCfg = Release|iPhone
		{A8F48A32-6BCF-441D-B74A-B02DA58EA9DB}.Release|iPhone.Build.0 = Release|iPhone
		{A8F48A32-6BCF-441D-B74A-B02DA58EA9DB}.Release|iPhoneSimulator.ActiveCfg = Release|iPhoneSimulator
		{A8F48A32-6BCF-441D-B74A-B02DA58EA9DB}.Release|iPhoneSimulator.Build.0 = Release|iPhoneSimulator
		{A8F48A32-6BCF-441D-B74A-B02DA58EA9DB}.Release|x64.ActiveCfg = Release|iPhone
		{A8F48A32-6BCF-441D-B74A-B02DA58EA9DB}.Release|x86.ActiveCfg = Release|iPhone
	EndGlobalSection
	GlobalSection(SolutionProperties) = preSolution
		HideSolutionNode = FALSE
	EndGlobalSection
	GlobalSection(ExtensibilityGlobals) = postSolution
		SolutionGuid = {50694DF8-4C4E-46E0-B302-2E1B3101901F}
	EndGlobalSection
EndGlobal
